// !$*UTF8*$!
{
	archiveVersion = 1;
	classes = {
	};
	objectVersion = 56;
	objects = {

/* Begin PBXBuildFile section */
		F70E3F652B80C6FD00418B9B /* AppDelegate.swift in Sources */ = {isa = PBXBuildFile; fileRef = F70E3F642B80C6FD00418B9B /* AppDelegate.swift */; };
		F70E3F672B80C6FD00418B9B /* SceneDelegate.swift in Sources */ = {isa = PBXBuildFile; fileRef = F70E3F662B80C6FD00418B9B /* SceneDelegate.swift */; };
		F70E3F692B80C6FD00418B9B /* ViewController.swift in Sources */ = {isa = PBXBuildFile; fileRef = F70E3F682B80C6FD00418B9B /* ViewController.swift */; };
		F70E3F6C2B80C6FD00418B9B /* Main.storyboard in Resources */ = {isa = PBXBuildFile; fileRef = F70E3F6A2B80C6FD00418B9B /* Main.storyboard */; };
		F70E3F6E2B80C6FE00418B9B /* Assets.xcassets in Resources */ = {isa = PBXBuildFile; fileRef = F70E3F6D2B80C6FE00418B9B /* Assets.xcassets */; };
		F70E3F712B80C6FE00418B9B /* LaunchScreen.storyboard in Resources */ = {isa = PBXBuildFile; fileRef = F70E3F6F2B80C6FE00418B9B /* LaunchScreen.storyboard */; };
		F70E3F7C2B80C6FE00418B9B /* ProblemTableViewTests.swift in Sources */ = {isa = PBXBuildFile; fileRef = F70E3F7B2B80C6FE00418B9B /* ProblemTableViewTests.swift */; };
		F70E3F862B80C6FE00418B9B /* ProblemTableViewUITests.swift in Sources */ = {isa = PBXBuildFile; fileRef = F70E3F852B80C6FE00418B9B /* ProblemTableViewUITests.swift */; };
		F70E3F882B80C6FE00418B9B /* ProblemTableViewUITestsLaunchTests.swift in Sources */ = {isa = PBXBuildFile; fileRef = F70E3F872B80C6FE00418B9B /* ProblemTableViewUITestsLaunchTests.swift */; };
/* End PBXBuildFile section */

/* Begin PBXContainerItemProxy section */
		F70E3F782B80C6FE00418B9B /* PBXContainerItemProxy */ = {
			isa = PBXContainerItemProxy;
			containerPortal = F70E3F592B80C6FD00418B9B /* Project object */;
			proxyType = 1;
			remoteGlobalIDString = F70E3F602B80C6FD00418B9B;
			remoteInfo = ProblemTableView;
		};
		F70E3F822B80C6FE00418B9B /* PBXContainerItemProxy */ = {
			isa = PBXContainerItemProxy;
			containerPortal = F70E3F592B80C6FD00418B9B /* Project object */;
			proxyType = 1;
			remoteGlobalIDString = F70E3F602B80C6FD00418B9B;
			remoteInfo = ProblemTableView;
		};
/* End PBXContainerItemProxy section */

/* Begin PBXFileReference section */
		F70E3F612B80C6FD00418B9B /* ProblemTableView.app */ = {isa = PBXFileReference; explicitFileType = wrapper.application; includeInIndex = 0; path = ProblemTableView.app; sourceTree = BUILT_PRODUCTS_DIR; };
		F70E3F642B80C6FD00418B9B /* AppDelegate.swift */ = {isa = PBXFileReference; lastKnownFileType = sourcecode.swift; path = AppDelegate.swift; sourceTree = "<group>"; };
		F70E3F662B80C6FD00418B9B /* SceneDelegate.swift */ = {isa = PBXFileReference; lastKnownFileType = sourcecode.swift; path = SceneDelegate.swift; sourceTree = "<group>"; };
		F70E3F682B80C6FD00418B9B /* ViewController.swift */ = {isa = PBXFileReference; lastKnownFileType = sourcecode.swift; path = ViewController.swift; sourceTree = "<group>"; };
		F70E3F6B2B80C6FD00418B9B /* Base */ = {isa = PBXFileReference; lastKnownFileType = file.storyboard; name = Base; path = Base.lproj/Main.storyboard; sourceTree = "<group>"; };
		F70E3F6D2B80C6FE00418B9B /* Assets.xcassets */ = {isa = PBXFileReference; lastKnownFileType = folder.assetcatalog; path = Assets.xcassets; sourceTree = "<group>"; };
		F70E3F702B80C6FE00418B9B /* Base */ = {isa = PBXFileReference; lastKnownFileType = file.storyboard; name = Base; path = Base.lproj/LaunchScreen.storyboard; sourceTree = "<group>"; };
		F70E3F722B80C6FE00418B9B /* Info.plist */ = {isa = PBXFileReference; lastKnownFileType = text.plist.xml; path = Info.plist; sourceTree = "<group>"; };
		F70E3F772B80C6FE00418B9B /* ProblemTableViewTests.xctest */ = {isa = PBXFileReference; explicitFileType = wrapper.cfbundle; includeInIndex = 0; path = ProblemTableViewTests.xctest; sourceTree = BUILT_PRODUCTS_DIR; };
		F70E3F7B2B80C6FE00418B9B /* ProblemTableViewTests.swift */ = {isa = PBXFileReference; lastKnownFileType = sourcecode.swift; path = ProblemTableViewTests.swift; sourceTree = "<group>"; };
		F70E3F812B80C6FE00418B9B /* ProblemTableViewUITests.xctest */ = {isa = PBXFileReference; explicitFileType = wrapper.cfbundle; includeInIndex = 0; path = ProblemTableViewUITests.xctest; sourceTree = BUILT_PRODUCTS_DIR; };
		F70E3F852B80C6FE00418B9B /* ProblemTableViewUITests.swift */ = {isa = PBXFileReference; lastKnownFileType = sourcecode.swift; path = ProblemTableViewUITests.swift; sourceTree = "<group>"; };
		F70E3F872B80C6FE00418B9B /* ProblemTableViewUITestsLaunchTests.swift */ = {isa = PBXFileReference; lastKnownFileType = sourcecode.swift; path = ProblemTableViewUITestsLaunchTests.swift; sourceTree = "<group>"; };
/* End PBXFileReference section */

/* Begin PBXFrameworksBuildPhase section */
		F70E3F5E2B80C6FD00418B9B /* Frameworks */ = {
			isa = PBXFrameworksBuildPhase;
			buildActionMask = 2147483647;
			files = (
			);
			runOnlyForDeploymentPostprocessing = 0;
		};
		F70E3F742B80C6FE00418B9B /* Frameworks */ = {
			isa = PBXFrameworksBuildPhase;
			buildActionMask = 2147483647;
			files = (
			);
			runOnlyForDeploymentPostprocessing = 0;
		};
		F70E3F7E2B80C6FE00418B9B /* Frameworks */ = {
			isa = PBXFrameworksBuildPhase;
			buildActionMask = 2147483647;
			files = (
			);
			runOnlyForDeploymentPostprocessing = 0;
		};
/* End PBXFrameworksBuildPhase section */

/* Begin PBXGroup section */
		F70E3F582B80C6FD00418B9B = {
			isa = PBXGroup;
			children = (
				F70E3F632B80C6FD00418B9B /* ProblemTableView */,
				F70E3F7A2B80C6FE00418B9B /* ProblemTableViewTests */,
				F70E3F842B80C6FE00418B9B /* ProblemTableViewUITests */,
				F70E3F622B80C6FD00418B9B /* Products */,
			);
			sourceTree = "<group>";
		};
		F70E3F622B80C6FD00418B9B /* Products */ = {
			isa = PBXGroup;
			children = (
				F70E3F612B80C6FD00418B9B /* ProblemTableView.app */,
				F70E3F772B80C6FE00418B9B /* ProblemTableViewTests.xctest */,
				F70E3F812B80C6FE00418B9B /* ProblemTableViewUITests.xctest */,
			);
			name = Products;
			sourceTree = "<group>";
		};
		F70E3F632B80C6FD00418B9B /* ProblemTableView */ = {
			isa = PBXGroup;
			children = (
				F70E3F642B80C6FD00418B9B /* AppDelegate.swift */,
				F70E3F662B80C6FD00418B9B /* SceneDelegate.swift */,
				F70E3F682B80C6FD00418B9B /* ViewController.swift */,
				F70E3F6A2B80C6FD00418B9B /* Main.storyboard */,
				F70E3F6D2B80C6FE00418B9B /* Assets.xcassets */,
				F70E3F6F2B80C6FE00418B9B /* LaunchScreen.storyboard */,
				F70E3F722B80C6FE00418B9B /* Info.plist */,
			);
			path = ProblemTableView;
			sourceTree = "<group>";
		};
		F70E3F7A2B80C6FE00418B9B /* ProblemTableViewTests */ = {
			isa = PBXGroup;
			children = (
				F70E3F7B2B80C6FE00418B9B /* ProblemTableViewTests.swift */,
			);
			path = ProblemTableViewTests;
			sourceTree = "<group>";
		};
		F70E3F842B80C6FE00418B9B /* ProblemTableViewUITests */ = {
			isa = PBXGroup;
			children = (
				F70E3F852B80C6FE00418B9B /* ProblemTableViewUITests.swift */,
				F70E3F872B80C6FE00418B9B /* ProblemTableViewUITestsLaunchTests.swift */,
			);
			path = ProblemTableViewUITests;
			sourceTree = "<group>";
		};
/* End PBXGroup section */

/* Begin PBXNativeTarget section */
		F70E3F602B80C6FD00418B9B /* ProblemTableView */ = {
			isa = PBXNativeTarget;
			buildConfigurationList = F70E3F8B2B80C6FE00418B9B /* Build configuration list for PBXNativeTarget "ProblemTableView" */;
			buildPhases = (
				F70E3F5D2B80C6FD00418B9B /* Sources */,
				F70E3F5E2B80C6FD00418B9B /* Frameworks */,
				F70E3F5F2B80C6FD00418B9B /* Resources */,
			);
			buildRules = (
			);
			dependencies = (
			);
			name = ProblemTableView;
			productName = ProblemTableView;
			productReference = F70E3F612B80C6FD00418B9B /* ProblemTableView.app */;
			productType = "com.apple.product-type.application";
		};
		F70E3F762B80C6FE00418B9B /* ProblemTableViewTests */ = {
			isa = PBXNativeTarget;
			buildConfigurationList = F70E3F8E2B80C6FE00418B9B /* Build configuration list for PBXNativeTarget "ProblemTableViewTests" */;
			buildPhases = (
				F70E3F732B80C6FE00418B9B /* Sources */,
				F70E3F742B80C6FE00418B9B /* Frameworks */,
				F70E3F752B80C6FE00418B9B /* Resources */,
			);
			buildRules = (
			);
			dependencies = (
				F70E3F792B80C6FE00418B9B /* PBXTargetDependency */,
			);
			name = ProblemTableViewTests;
			productName = ProblemTableViewTests;
			productReference = F70E3F772B80C6FE00418B9B /* ProblemTableViewTests.xctest */;
			productType = "com.apple.product-type.bundle.unit-test";
		};
		F70E3F802B80C6FE00418B9B /* ProblemTableViewUITests */ = {
			isa = PBXNativeTarget;
			buildConfigurationList = F70E3F912B80C6FE00418B9B /* Build configuration list for PBXNativeTarget "ProblemTableViewUITests" */;
			buildPhases = (
				F70E3F7D2B80C6FE00418B9B /* Sources */,
				F70E3F7E2B80C6FE00418B9B /* Frameworks */,
				F70E3F7F2B80C6FE00418B9B /* Resources */,
			);
			buildRules = (
			);
			dependencies = (
				F70E3F832B80C6FE00418B9B /* PBXTargetDependency */,
			);
			name = ProblemTableViewUITests;
			productName = ProblemTableViewUITests;
			productReference = F70E3F812B80C6FE00418B9B /* ProblemTableViewUITests.xctest */;
			productType = "com.apple.product-type.bundle.ui-testing";
		};
/* End PBXNativeTarget section */

/* Begin PBXProject section */
		F70E3F592B80C6FD00418B9B /* Project object */ = {
			isa = PBXProject;
			attributes = {
				BuildIndependentTargetsInParallel = 1;
				LastSwiftUpdateCheck = 1430;
				LastUpgradeCheck = 1430;
				TargetAttributes = {
					F70E3F602B80C6FD00418B9B = {
						CreatedOnToolsVersion = 14.3.1;
					};
					F70E3F762B80C6FE00418B9B = {
						CreatedOnToolsVersion = 14.3.1;
						TestTargetID = F70E3F602B80C6FD00418B9B;
					};
					F70E3F802B80C6FE00418B9B = {
						CreatedOnToolsVersion = 14.3.1;
						TestTargetID = F70E3F602B80C6FD00418B9B;
					};
				};
			};
			buildConfigurationList = F70E3F5C2B80C6FD00418B9B /* Build configuration list for PBXProject "ProblemTableView" */;
			compatibilityVersion = "Xcode 14.0";
			developmentRegion = en;
			hasScannedForEncodings = 0;
			knownRegions = (
				en,
				Base,
			);
			mainGroup = F70E3F582B80C6FD00418B9B;
			productRefGroup = F70E3F622B80C6FD00418B9B /* Products */;
			projectDirPath = "";
			projectRoot = "";
			targets = (
				F70E3F602B80C6FD00418B9B /* ProblemTableView */,
				F70E3F762B80C6FE00418B9B /* ProblemTableViewTests */,
				F70E3F802B80C6FE00418B9B /* ProblemTableViewUITests */,
			);
		};
/* End PBXProject section */

/* Begin PBXResourcesBuildPhase section */
		F70E3F5F2B80C6FD00418B9B /* Resources */ = {
			isa = PBXResourcesBuildPhase;
			buildActionMask = 2147483647;
			files = (
				F70E3F712B80C6FE00418B9B /* LaunchScreen.storyboard in Resources */,
				F70E3F6E2B80C6FE00418B9B /* Assets.xcassets in Resources */,
				F70E3F6C2B80C6FD00418B9B /* Main.storyboard in Resources */,
			);
			runOnlyForDeploymentPostprocessing = 0;
		};
		F70E3F752B80C6FE00418B9B /* Resources */ = {
			isa = PBXResourcesBuildPhase;
			buildActionMask = 2147483647;
			files = (
			);
			runOnlyForDeploymentPostprocessing = 0;
		};
		F70E3F7F2B80C6FE00418B9B /* Resources */ = {
			isa = PBXResourcesBuildPhase;
			buildActionMask = 2147483647;
			files = (
			);
			runOnlyForDeploymentPostprocessing = 0;
		};
/* End PBXResourcesBuildPhase section */

/* Begin PBXSourcesBuildPhase section */
		F70E3F5D2B80C6FD00418B9B /* Sources */ = {
			isa = PBXSourcesBuildPhase;
			buildActionMask = 2147483647;
			files = (
				F70E3F692B80C6FD00418B9B /* ViewController.swift in Sources */,
				F70E3F652B80C6FD00418B9B /* AppDelegate.swift in Sources */,
				F70E3F672B80C6FD00418B9B /* SceneDelegate.swift in Sources */,
			);
			runOnlyForDeploymentPostprocessing = 0;
		};
		F70E3F732B80C6FE00418B9B /* Sources */ = {
			isa = PBXSourcesBuildPhase;
			buildActionMask = 2147483647;
			files = (
				F70E3F7C2B80C6FE00418B9B /* ProblemTableViewTests.swift in Sources */,
			);
			runOnlyForDeploymentPostprocessing = 0;
		};
		F70E3F7D2B80C6FE00418B9B /* Sources */ = {
			isa = PBXSourcesBuildPhase;
			buildActionMask = 2147483647;
			files = (
				F70E3F882B80C6FE00418B9B /* ProblemTableViewUITestsLaunchTests.swift in Sources */,
				F70E3F862B80C6FE00418B9B /* ProblemTableViewUITests.swift in Sources */,
			);
			runOnlyForDeploymentPostprocessing = 0;
		};
/* End PBXSourcesBuildPhase section */

/* Begin PBXTargetDependency section */
		F70E3F792B80C6FE00418B9B /* PBXTargetDependency */ = {
			isa = PBXTargetDependency;
			target = F70E3F602B80C6FD00418B9B /* ProblemTableView */;
			targetProxy = F70E3F782B80C6FE00418B9B /* PBXContainerItemProxy */;
		};
		F70E3F832B80C6FE00418B9B /* PBXTargetDependency */ = {
			isa = PBXTargetDependency;
			target = F70E3F602B80C6FD00418B9B /* ProblemTableView */;
			targetProxy = F70E3F822B80C6FE00418B9B /* PBXContainerItemProxy */;
		};
/* End PBXTargetDependency section */

/* Begin PBXVariantGroup section */
		F70E3F6A2B80C6FD00418B9B /* Main.storyboard */ = {
			isa = PBXVariantGroup;
			children = (
				F70E3F6B2B80C6FD00418B9B /* Base */,
			);
			name = Main.storyboard;
			sourceTree = "<group>";
		};
		F70E3F6F2B80C6FE00418B9B /* LaunchScreen.storyboard */ = {
			isa = PBXVariantGroup;
			children = (
				F70E3F702B80C6FE00418B9B /* Base */,
			);
			name = LaunchScreen.storyboard;
			sourceTree = "<group>";
		};
/* End PBXVariantGroup section */

/* Begin XCBuildConfiguration section */
		F70E3F892B80C6FE00418B9B /* Debug */ = {
			isa = XCBuildConfiguration;
			buildSettings = {
				ALWAYS_SEARCH_USER_PATHS = NO;
				CLANG_ANALYZER_NONNULL = YES;
				CLANG_ANALYZER_NUMBER_OBJECT_CONVERSION = YES_AGGRESSIVE;
				CLANG_CXX_LANGUAGE_STANDARD = "gnu++20";
				CLANG_ENABLE_MODULES = YES;
				CLANG_ENABLE_OBJC_ARC = YES;
				CLANG_ENABLE_OBJC_WEAK = YES;
				CLANG_WARN_BLOCK_CAPTURE_AUTORELEASING = YES;
				CLANG_WARN_BOOL_CONVERSION = YES;
				CLANG_WARN_COMMA = YES;
				CLANG_WARN_CONSTANT_CONVERSION = YES;
				CLANG_WARN_DEPRECATED_OBJC_IMPLEMENTATIONS = YES;
				CLANG_WARN_DIRECT_OBJC_ISA_USAGE = YES_ERROR;
				CLANG_WARN_DOCUMENTATION_COMMENTS = YES;
				CLANG_WARN_EMPTY_BODY = YES;
				CLANG_WARN_ENUM_CONVERSION = YES;
				CLANG_WARN_INFINITE_RECURSION = YES;
				CLANG_WARN_INT_CONVERSION = YES;
				CLANG_WARN_NON_LITERAL_NULL_CONVERSION = YES;
				CLANG_WARN_OBJC_IMPLICIT_RETAIN_SELF = YES;
				CLANG_WARN_OBJC_LITERAL_CONVERSION = YES;
				CLANG_WARN_OBJC_ROOT_CLASS = YES_ERROR;
				CLANG_WARN_QUOTED_INCLUDE_IN_FRAMEWORK_HEADER = YES;
				CLANG_WARN_RANGE_LOOP_ANALYSIS = YES;
				CLANG_WARN_STRICT_PROTOTYPES = YES;
				CLANG_WARN_SUSPICIOUS_MOVE = YES;
				CLANG_WARN_UNGUARDED_AVAILABILITY = YES_AGGRESSIVE;
				CLANG_WARN_UNREACHABLE_CODE = YES;
				CLANG_WARN__DUPLICATE_METHOD_MATCH = YES;
				COPY_PHASE_STRIP = NO;
				DEBUG_INFORMATION_FORMAT = dwarf;
				ENABLE_STRICT_OBJC_MSGSEND = YES;
				ENABLE_TESTABILITY = YES;
				GCC_C_LANGUAGE_STANDARD = gnu11;
				GCC_DYNAMIC_NO_PIC = NO;
				GCC_NO_COMMON_BLOCKS = YES;
				GCC_OPTIMIZATION_LEVEL = 0;
				GCC_PREPROCESSOR_DEFINITIONS = (
					"DEBUG=1",
					"$(inherited)",
				);
				GCC_WARN_64_TO_32_BIT_CONVERSION = YES;
				GCC_WARN_ABOUT_RETURN_TYPE = YES_ERROR;
				GCC_WARN_UNDECLARED_SELECTOR = YES;
				GCC_WARN_UNINITIALIZED_AUTOS = YES_AGGRESSIVE;
				GCC_WARN_UNUSED_FUNCTION = YES;
				GCC_WARN_UNUSED_VARIABLE = YES;
				IPHONEOS_DEPLOYMENT_TARGET = 16.4;
				MTL_ENABLE_DEBUG_INFO = INCLUDE_SOURCE;
				MTL_FAST_MATH = YES;
				ONLY_ACTIVE_ARCH = YES;
				SDKROOT = iphoneos;
				SWIFT_ACTIVE_COMPILATION_CONDITIONS = DEBUG;
				SWIFT_OPTIMIZATION_LEVEL = "-Onone";
			};
			name = Debug;
		};
		F70E3F8A2B80C6FE00418B9B /* Release */ = {
			isa = XCBuildConfiguration;
			buildSettings = {
				ALWAYS_SEARCH_USER_PATHS = NO;
				CLANG_ANALYZER_NONNULL = YES;
				CLANG_ANALYZER_NUMBER_OBJECT_CONVERSION = YES_AGGRESSIVE;
				CLANG_CXX_LANGUAGE_STANDARD = "gnu++20";
				CLANG_ENABLE_MODULES = YES;
				CLANG_ENABLE_OBJC_ARC = YES;
				CLANG_ENABLE_OBJC_WEAK = YES;
				CLANG_WARN_BLOCK_CAPTURE_AUTORELEASING = YES;
				CLANG_WARN_BOOL_CONVERSION = YES;
				CLANG_WARN_COMMA = YES;
				CLANG_WARN_CONSTANT_CONVERSION = YES;
				CLANG_WARN_DEPRECATED_OBJC_IMPLEMENTATIONS = YES;
				CLANG_WARN_DIRECT_OBJC_ISA_USAGE = YES_ERROR;
				CLANG_WARN_DOCUMENTATION_COMMENTS = YES;
				CLANG_WARN_EMPTY_BODY = YES;
				CLANG_WARN_ENUM_CONVERSION = YES;
				CLANG_WARN_INFINITE_RECURSION = YES;
				CLANG_WARN_INT_CONVERSION = YES;
				CLANG_WARN_NON_LITERAL_NULL_CONVERSION = YES;
				CLANG_WARN_OBJC_IMPLICIT_RETAIN_SELF = YES;
				CLANG_WARN_OBJC_LITERAL_CONVERSION = YES;
				CLANG_WARN_OBJC_ROOT_CLASS = YES_ERROR;
				CLANG_WARN_QUOTED_INCLUDE_IN_FRAMEWORK_HEADER = YES;
				CLANG_WARN_RANGE_LOOP_ANALYSIS = YES;
				CLANG_WARN_STRICT_PROTOTYPES = YES;
				CLANG_WARN_SUSPICIOUS_MOVE = YES;
				CLANG_WARN_UNGUARDED_AVAILABILITY = YES_AGGRESSIVE;
				CLANG_WARN_UNREACHABLE_CODE = YES;
				CLANG_WARN__DUPLICATE_METHOD_MATCH = YES;
				COPY_PHASE_STRIP = NO;
				DEBUG_INFORMATION_FORMAT = "dwarf-with-dsym";
				ENABLE_NS_ASSERTIONS = NO;
				ENABLE_STRICT_OBJC_MSGSEND = YES;
				GCC_C_LANGUAGE_STANDARD = gnu11;
				GCC_NO_COMMON_BLOCKS = YES;
				GCC_WARN_64_TO_32_BIT_CONVERSION = YES;
				GCC_WARN_ABOUT_RETURN_TYPE = YES_ERROR;
				GCC_WARN_UNDECLARED_SELECTOR = YES;
				GCC_WARN_UNINITIALIZED_AUTOS = YES_AGGRESSIVE;
				GCC_WARN_UNUSED_FUNCTION = YES;
				GCC_WARN_UNUSED_VARIABLE = YES;
				IPHONEOS_DEPLOYMENT_TARGET = 16.4;
				MTL_ENABLE_DEBUG_INFO = NO;
				MTL_FAST_MATH = YES;
				SDKROOT = iphoneos;
				SWIFT_COMPILATION_MODE = wholemodule;
				SWIFT_OPTIMIZATION_LEVEL = "-O";
				VALIDATE_PRODUCT = YES;
			};
			name = Release;
		};
		F70E3F8C2B80C6FE00418B9B /* Debug */ = {
			isa = XCBuildConfiguration;
			buildSettings = {
				ASSETCATALOG_COMPILER_APPICON_NAME = AppIcon;
				ASSETCATALOG_COMPILER_GLOBAL_ACCENT_COLOR_NAME = AccentColor;
				CODE_SIGN_STYLE = Automatic;
				CURRENT_PROJECT_VERSION = 1;
				DEVELOPMENT_TEAM = HA2JWB72PD;
				GENERATE_INFOPLIST_FILE = YES;
				INFOPLIST_FILE = ProblemTableView/Info.plist;
				INFOPLIST_KEY_UIApplicationSupportsIndirectInputEvents = YES;
				INFOPLIST_KEY_UILaunchStoryboardName = LaunchScreen;
				INFOPLIST_KEY_UIMainStoryboardFile = Main;
				INFOPLIST_KEY_UISupportedInterfaceOrientations_iPad = "UIInterfaceOrientationPortrait UIInterfaceOrientationPortraitUpsideDown UIInterfaceOrientationLandscapeLeft UIInterfaceOrientationLandscapeRight";
				INFOPLIST_KEY_UISupportedInterfaceOrientations_iPhone = "UIInterfaceOrientationPortrait UIInterfaceOrientationLandscapeLeft UIInterfaceOrientationLandscapeRight";
				LD_RUNPATH_SEARCH_PATHS = (
					"$(inherited)",
					"@executable_path/Frameworks",
				);
				MARKETING_VERSION = 1.0;
				PRODUCT_BUNDLE_IDENTIFIER = me.omid.heydarzadeh.ProblemTableView;
				PRODUCT_NAME = "$(TARGET_NAME)";
				SWIFT_EMIT_LOC_STRINGS = YES;
				SWIFT_VERSION = 5.0;
				TARGETED_DEVICE_FAMILY = "1,2";
			};
			name = Debug;
		};
		F70E3F8D2B80C6FE00418B9B /* Release */ = {
			isa = XCBuildConfiguration;
			buildSettings = {
				ASSETCATALOG_COMPILER_APPICON_NAME = AppIcon;
				ASSETCATALOG_COMPILER_GLOBAL_ACCENT_COLOR_NAME = AccentColor;
				CODE_SIGN_STYLE = Automatic;
				CURRENT_PROJECT_VERSION = 1;
				DEVELOPMENT_TEAM = HA2JWB72PD;
				GENERATE_INFOPLIST_FILE = YES;
				INFOPLIST_FILE = ProblemTableView/Info.plist;
				INFOPLIST_KEY_UIApplicationSupportsIndirectInputEvents = YES;
				INFOPLIST_KEY_UILaunchStoryboardName = LaunchScreen;
				INFOPLIST_KEY_UIMainStoryboardFile = Main;
				INFOPLIST_KEY_UISupportedInterfaceOrientations_iPad = "UIInterfaceOrientationPortrait UIInterfaceOrientationPortraitUpsideDown UIInterfaceOrientationLandscapeLeft UIInterfaceOrientationLandscapeRight";
				INFOPLIST_KEY_UISupportedInterfaceOrientations_iPhone = "UIInterfaceOrientationPortrait UIInterfaceOrientationLandscapeLeft UIInterfaceOrientationLandscapeRight";
				LD_RUNPATH_SEARCH_PATHS = (
					"$(inherited)",
					"@executable_path/Frameworks",
				);
				MARKETING_VERSION = 1.0;
				PRODUCT_BUNDLE_IDENTIFIER = me.omid.heydarzadeh.ProblemTableView;
				PRODUCT_NAME = "$(TARGET_NAME)";
				SWIFT_EMIT_LOC_STRINGS = YES;
				SWIFT_VERSION = 5.0;
				TARGETED_DEVICE_FAMILY = "1,2";
			};
			name = Release;
		};
		F70E3F8F2B80C6FE00418B9B /* Debug */ = {
			isa = XCBuildConfiguration;
			buildSettings = {
				ALWAYS_EMBED_SWIFT_STANDARD_LIBRARIES = YES;
				BUNDLE_LOADER = "$(TEST_HOST)";
				CODE_SIGN_STYLE = Automatic;
				CURRENT_PROJECT_VERSION = 1;
				DEVELOPMENT_TEAM = HA2JWB72PD;
				GENERATE_INFOPLIST_FILE = YES;
				IPHONEOS_DEPLOYMENT_TARGET = 16.4;
				MARKETING_VERSION = 1.0;
				PRODUCT_BUNDLE_IDENTIFIER = me.omid.heydarzadeh.ProblemTableViewTests;
				PRODUCT_NAME = "$(TARGET_NAME)";
				SWIFT_EMIT_LOC_STRINGS = NO;
				SWIFT_VERSION = 5.0;
				TARGETED_DEVICE_FAMILY = "1,2";
				TEST_HOST = "$(BUILT_PRODUCTS_DIR)/ProblemTableView.app/$(BUNDLE_EXECUTABLE_FOLDER_PATH)/ProblemTableView";
			};
			name = Debug;
		};
		F70E3F902B80C6FE00418B9B /* Release */ = {
			isa = XCBuildConfiguration;
			buildSettings = {
				ALWAYS_EMBED_SWIFT_STANDARD_LIBRARIES = YES;
				BUNDLE_LOADER = "$(TEST_HOST)";
				CODE_SIGN_STYLE = Automatic;
				CURRENT_PROJECT_VERSION = 1;
				DEVELOPMENT_TEAM = HA2JWB72PD;
				GENERATE_INFOPLIST_FILE = YES;
				IPHONEOS_DEPLOYMENT_TARGET = 16.4;
				MARKETING_VERSION = 1.0;
				PRODUCT_BUNDLE_IDENTIFIER = me.omid.heydarzadeh.ProblemTableViewTests;
				PRODUCT_NAME = "$(TARGET_NAME)";
				SWIFT_EMIT_LOC_STRINGS = NO;
				SWIFT_VERSION = 5.0;
				TARGETED_DEVICE_FAMILY = "1,2";
				TEST_HOST = "$(BUILT_PRODUCTS_DIR)/ProblemTableView.app/$(BUNDLE_EXECUTABLE_FOLDER_PATH)/ProblemTableView";
			};
			name = Release;
		};
		F70E3F922B80C6FE00418B9B /* Debug */ = {
			isa = XCBuildConfiguration;
			buildSettings = {
				ALWAYS_EMBED_SWIFT_STANDARD_LIBRARIES = YES;
				CODE_SIGN_STYLE = Automatic;
				CURRENT_PROJECT_VERSION = 1;
				DEVELOPMENT_TEAM = HA2JWB72PD;
				GENERATE_INFOPLIST_FILE = YES;
				MARKETING_VERSION = 1.0;
				PRODUCT_BUNDLE_IDENTIFIER = me.omid.heydarzadeh.ProblemTableViewUITests;
				PRODUCT_NAME = "$(TARGET_NAME)";
				SWIFT_EMIT_LOC_STRINGS = NO;
				SWIFT_VERSION = 5.0;
				TARGETED_DEVICE_FAMILY = "1,2";
				TEST_TARGET_NAME = ProblemTableView;
			};
			name = Debug;
		};
		F70E3F932B80C6FE00418B9B /* Release */ = {
			isa = XCBuildConfiguration;
			buildSettings = {
				ALWAYS_EMBED_SWIFT_STANDARD_LIBRARIES = YES;
				CODE_SIGN_STYLE = Automatic;
				CURRENT_PROJECT_VERSION = 1;
				DEVELOPMENT_TEAM = HA2JWB72PD;
				GENERATE_INFOPLIST_FILE = YES;
				MARKETING_VERSION = 1.0;
				PRODUCT_BUNDLE_IDENTIFIER = me.omid.heydarzadeh.ProblemTableViewUITests;
				PRODUCT_NAME = "$(TARGET_NAME)";
				SWIFT_EMIT_LOC_STRINGS = NO;
				SWIFT_VERSION = 5.0;
				TARGETED_DEVICE_FAMILY = "1,2";
				TEST_TARGET_NAME = ProblemTableView;
			};
			name = Release;
		};
/* End XCBuildConfiguration section */

/* Begin XCConfigurationList section */
		F70E3F5C2B80C6FD00418B9B /* Build configuration list for PBXProject "ProblemTableView" */ = {
			isa = XCConfigurationList;
			buildConfigurations = (
				F70E3F892B80C6FE00418B9B /* Debug */,
				F70E3F8A2B80C6FE00418B9B /* Release */,
			);
			defaultConfigurationIsVisible = 0;
			defaultConfigurationName = Release;
		};
		F70E3F8B2B80C6FE00418B9B /* Build configuration list for PBXNativeTarget "ProblemTableView" */ = {
			isa = XCConfigurationList;
			buildConfigurations = (
				F70E3F8C2B80C6FE00418B9B /* Debug */,
				F70E3F8D2B80C6FE00418B9B /* Release */,
			);
			defaultConfigurationIsVisible = 0;
			defaultConfigurationName = Release;
		};
		F70E3F8E2B80C6FE00418B9B /* Build configuration list for PBXNativeTarget "ProblemTableViewTests" */ = {
			isa = XCConfigurationList;
			buildConfigurations = (
				F70E3F8F2B80C6FE00418B9B /* Debug */,
				F70E3F902B80C6FE00418B9B /* Release */,
			);
			defaultConfigurationIsVisible = 0;
			defaultConfigurationName = Release;
		};
		F70E3F912B80C6FE00418B9B /* Build configuration list for PBXNativeTarget "ProblemTableViewUITests" */ = {
			isa = XCConfigurationList;
			buildConfigurations = (
				F70E3F922B80C6FE00418B9B /* Debug */,
				F70E3F932B80C6FE00418B9B /* Release */,
			);
			defaultConfigurationIsVisible = 0;
			defaultConfigurationName = Release;
		};
/* End XCConfigurationList section */
	};
	rootObject = F70E3F592B80C6FD00418B9B /* Project object */;
}
